
Microsoft Visual Studio Solution File, Format Version 12.00
# Visual Studio Version 16
VisualStudioVersion = 16.0.30907.101
MinimumVisualStudioVersion = 10.0.40219.1
Project("{FAE04EC0-301F-11D3-BF4B-00C04F79EFBC}") = "PPFF", "PPFF.csproj", "{20802F24-F2DB-4114-B344-1DE4780E1536}"
EndProject
Global
	GlobalSection(SolutionConfigurationPlatforms) = preSolution
		Debug|Any CPU = Debug|Any CPU
		Release|Any CPU = Release|Any CPU
	EndGlobalSection
	GlobalSection(ProjectConfigurationPlatforms) = postSolution
		{20802F24-F2DB-4114-B344-1DE4780E1536}.Debug|Any CPU.ActiveCfg = Debug|Any CPU
		{20802F24-F2DB-4114-B344-1DE4780E1536}.Debug|Any CPU.Build.0 = Debug|Any CPU
		{20802F24-F2DB-4114-B344-1DE4780E1536}.Release|Any CPU.ActiveCfg = Release|Any CPU
		{20802F24-F2DB-4114-B344-1DE4780E1536}.Release|Any CPU.Build.0 = Release|Any CPU
	EndGlobalSection
	GlobalSection(SolutionProperties) = preSolution
		HideSolutionNode = FALSE
	EndGlobalSection
	GlobalSection(ExtensibilityGlobals) = postSolution
		SolutionGuid = {3722FDE2-5A98-461E-A742-7D0813BAEEBF}
	EndGlobalSection
EndGlobal
